
Microsoft Visual Studio Solution File, Format Version 12.00
# Visual Studio Version 17
VisualStudioVersion = 17.3.32901.215
MinimumVisualStudioVersion = 10.0.40219.1
Project("{9A19103F-16F7-4668-BE54-9A1E7A4F7556}") = "RaceSim", "RaceSim\RaceSim.csproj", "{35DE99E5-4703-4D09-B8BB-3BA8FCFAB8AA}"
EndProject
Project("{9A19103F-16F7-4668-BE54-9A1E7A4F7556}") = "Model", "Model\Model.csproj", "{BDAF9FB1-026A-4E37-88BB-52A9EACBFEE9}"
EndProject
Project("{9A19103F-16F7-4668-BE54-9A1E7A4F7556}") = "Controller", "Controller\Controller.csproj", "{D8E4F7C7-7E20-4B06-829F-D012441955E6}"
EndProject
Project("{9A19103F-16F7-4668-BE54-9A1E7A4F7556}") = "ControllerTest", "ControllerTest\ControllerTest.csproj", "{091BCEB8-B1DD-47F5-8543-54702BAD7D68}"
EndProject
Project("{FAE04EC0-301F-11D3-BF4B-00C04F79EFBC}") = "WpfProject", "WpfProject\WpfProject.csproj", "{31D797E7-D744-41D1-A471-B63149622EBF}"
	ProjectSection(ProjectDependencies) = postProject
		{35DE99E5-4703-4D09-B8BB-3BA8FCFAB8AA} = {35DE99E5-4703-4D09-B8BB-3BA8FCFAB8AA}
		{BDAF9FB1-026A-4E37-88BB-52A9EACBFEE9} = {BDAF9FB1-026A-4E37-88BB-52A9EACBFEE9}
		{D8E4F7C7-7E20-4B06-829F-D012441955E6} = {D8E4F7C7-7E20-4B06-829F-D012441955E6}
	EndProjectSection
EndProject
Global
	GlobalSection(SolutionConfigurationPlatforms) = preSolution
		Debug|Any CPU = Debug|Any CPU
		Release|Any CPU = Release|Any CPU
	EndGlobalSection
	GlobalSection(ProjectConfigurationPlatforms) = postSolution
		{35DE99E5-4703-4D09-B8BB-3BA8FCFAB8AA}.Debug|Any CPU.ActiveCfg = Debug|Any CPU
		{35DE99E5-4703-4D09-B8BB-3BA8FCFAB8AA}.Debug|Any CPU.Build.0 = Debug|Any CPU
		{35DE99E5-4703-4D09-B8BB-3BA8FCFAB8AA}.Release|Any CPU.ActiveCfg = Release|Any CPU
		{35DE99E5-4703-4D09-B8BB-3BA8FCFAB8AA}.Release|Any CPU.Build.0 = Release|Any CPU
		{BDAF9FB1-026A-4E37-88BB-52A9EACBFEE9}.Debug|Any CPU.ActiveCfg = Debug|Any CPU
		{BDAF9FB1-026A-4E37-88BB-52A9EACBFEE9}.Debug|Any CPU.Build.0 = Debug|Any CPU
		{BDAF9FB1-026A-4E37-88BB-52A9EACBFEE9}.Release|Any CPU.ActiveCfg = Release|Any CPU
		{BDAF9FB1-026A-4E37-88BB-52A9EACBFEE9}.Release|Any CPU.Build.0 = Release|Any CPU
		{D8E4F7C7-7E20-4B06-829F-D012441955E6}.Debug|Any CPU.ActiveCfg = Debug|Any CPU
		{D8E4F7C7-7E20-4B06-829F-D012441955E6}.Debug|Any CPU.Build.0 = Debug|Any CPU
		{D8E4F7C7-7E20-4B06-829F-D012441955E6}.Release|Any CPU.ActiveCfg = Release|Any CPU
		{D8E4F7C7-7E20-4B06-829F-D012441955E6}.Release|Any CPU.Build.0 = Release|Any CPU
		{091BCEB8-B1DD-47F5-8543-54702BAD7D68}.Debug|Any CPU.ActiveCfg = Debug|Any CPU
		{091BCEB8-B1DD-47F5-8543-54702BAD7D68}.Debug|Any CPU.Build.0 = Debug|Any CPU
		{091BCEB8-B1DD-47F5-8543-54702BAD7D68}.Release|Any CPU.ActiveCfg = Release|Any CPU
		{091BCEB8-B1DD-47F5-8543-54702BAD7D68}.Release|Any CPU.Build.0 = Release|Any CPU
		{31D797E7-D744-41D1-A471-B63149622EBF}.Debug|Any CPU.ActiveCfg = Debug|Any CPU
		{31D797E7-D744-41D1-A471-B63149622EBF}.Debug|Any CPU.Build.0 = Debug|Any CPU
		{31D797E7-D744-41D1-A471-B63149622EBF}.Release|Any CPU.ActiveCfg = Release|Any CPU
		{31D797E7-D744-41D1-A471-B63149622EBF}.Release|Any CPU.Build.0 = Release|Any CPU
	EndGlobalSection
	GlobalSection(SolutionProperties) = preSolution
		HideSolutionNode = FALSE
	EndGlobalSection
	GlobalSection(ExtensibilityGlobals) = postSolution
		SolutionGuid = {48E9CBB3-72AE-4CBF-93AE-149583F40252}
	EndGlobalSection
EndGlobal
